// !$*UTF8*$!
{
	archiveVersion = 1;
	classes = {
	};
	objectVersion = 77;
	objects = {

/* Begin PBXBuildFile section */
		925AFD1B2F266279001FD1FE /* Data in Frameworks */ = {isa = PBXBuildFile; productRef = 925AFD1A2F266279001FD1FE /* Data */; };
		925AFD1D2F266279001FD1FE /* Auth in Frameworks */ = {isa = PBXBuildFile; productRef = 925AFD1C2F266279001FD1FE /* Auth */; };
		925AFD1F2F266279001FD1FE /* FavoriteList in Frameworks */ = {isa = PBXBuildFile; productRef = 925AFD1E2F266279001FD1FE /* FavoriteList */; };
		925AFD212F266279001FD1FE /* MovieDetails in Frameworks */ = {isa = PBXBuildFile; productRef = 925AFD202F266279001FD1FE /* MovieDetails */; };
		925AFD232F266279001FD1FE /* MovieList in Frameworks */ = {isa = PBXBuildFile; productRef = 925AFD222F266279001FD1FE /* MovieList */; };
		925AFD252F266279001FD1FE /* Profile in Frameworks */ = {isa = PBXBuildFile; productRef = 925AFD242F266279001FD1FE /* Profile */; };
		925AFD272F266279001FD1FE /* Router in Frameworks */ = {isa = PBXBuildFile; productRef = 925AFD262F266279001FD1FE /* Router */; };
		9274121A2F24FA4F0027B3DE /* Domain in Frameworks */ = {isa = PBXBuildFile; productRef = 927412192F24FA4F0027B3DE /* Domain */; };
/* End PBXBuildFile section */

/* Begin PBXFileReference section */
		925AFD2A2F2677E6001FD1FE /* moviehub.app */ = {isa = PBXFileReference; explicitFileType = wrapper.application; includeInIndex = 0; path = moviehub.app; sourceTree = BUILT_PRODUCTS_DIR; };
		925AFD3E2F267B97001FD1FE /* Secrets.xcconfig */ = {isa = PBXFileReference; lastKnownFileType = text.xcconfig; path = Secrets.xcconfig; sourceTree = "<group>"; };
		925AFD5A2F29447B001FD1FE /* README.md */ = {isa = PBXFileReference; lastKnownFileType = net.daringfireball.markdown; path = README.md; sourceTree = "<group>"; };
/* End PBXFileReference section */

/* Begin PBXFileSystemSynchronizedBuildFileExceptionSet section */
		925AFD412F267C31001FD1FE /* Exceptions for "moviehub" folder in "moviehub" target */ = {
			isa = PBXFileSystemSynchronizedBuildFileExceptionSet;
			membershipExceptions = (
				Info.plist,
			);
			target = 9277BD142F24DA8B003E5D04 /* moviehub */;
		};
		927412282F24FC810027B3DE /* Exceptions for "Packages" folder in "moviehub" target */ = {
			isa = PBXFileSystemSynchronizedBuildFileExceptionSet;
			membershipExceptions = (
				Domain,
			);
			target = 9277BD142F24DA8B003E5D04 /* moviehub */;
		};
/* End PBXFileSystemSynchronizedBuildFileExceptionSet section */

/* Begin PBXFileSystemSynchronizedRootGroup section */
		927412272F24FC810027B3DE /* Packages */ = {
			isa = PBXFileSystemSynchronizedRootGroup;
			exceptions = (
				927412282F24FC810027B3DE /* Exceptions for "Packages" folder in "moviehub" target */,
			);
			path = Packages;
			sourceTree = "<group>";
		};
		9277BD172F24DA8B003E5D04 /* moviehub */ = {
			isa = PBXFileSystemSynchronizedRootGroup;
			exceptions = (
				925AFD412F267C31001FD1FE /* Exceptions for "moviehub" folder in "moviehub" target */,
			);
			path = moviehub;
			sourceTree = "<group>";
		};
/* End PBXFileSystemSynchronizedRootGroup section */

/* Begin PBXFrameworksBuildPhase section */
		9277BD122F24DA8B003E5D04 /* Frameworks */ = {
			isa = PBXFrameworksBuildPhase;
			buildActionMask = 2147483647;
			files = (
				925AFD252F266279001FD1FE /* Profile in Frameworks */,
				925AFD212F266279001FD1FE /* MovieDetails in Frameworks */,
				925AFD1F2F266279001FD1FE /* FavoriteList in Frameworks */,
				925AFD1B2F266279001FD1FE /* Data in Frameworks */,
				925AFD232F266279001FD1FE /* MovieList in Frameworks */,
				9274121A2F24FA4F0027B3DE /* Domain in Frameworks */,
				925AFD1D2F266279001FD1FE /* Auth in Frameworks */,
				925AFD272F266279001FD1FE /* Router in Frameworks */,
			);
			runOnlyForDeploymentPostprocessing = 0;
		};
/* End PBXFrameworksBuildPhase section */

/* Begin PBXGroup section */
		925AFD192F266279001FD1FE /* Frameworks */ = {
			isa = PBXGroup;
			children = (
			);
			name = Frameworks;
			sourceTree = "<group>";
		};
		9277BD0C2F24DA8B003E5D04 = {
			isa = PBXGroup;
			children = (
				925AFD3E2F267B97001FD1FE /* Secrets.xcconfig */,
				9277BD172F24DA8B003E5D04 /* moviehub */,
				927412272F24FC810027B3DE /* Packages */,
				925AFD192F266279001FD1FE /* Frameworks */,
				925AFD2A2F2677E6001FD1FE /* moviehub.app */,
				925AFD5A2F29447B001FD1FE /* README.md */,
			);
			sourceTree = "<group>";
		};
/* End PBXGroup section */

/* Begin PBXNativeTarget section */
		9277BD142F24DA8B003E5D04 /* moviehub */ = {
			isa = PBXNativeTarget;
			buildConfigurationList = 9277BD202F24DA8C003E5D04 /* Build configuration list for PBXNativeTarget "moviehub" */;
			buildPhases = (
				9277BD112F24DA8B003E5D04 /* Sources */,
				9277BD122F24DA8B003E5D04 /* Frameworks */,
				9277BD132F24DA8B003E5D04 /* Resources */,
			);
			buildRules = (
			);
			dependencies = (
			);
			fileSystemSynchronizedGroups = (
				927412272F24FC810027B3DE /* Packages */,
				9277BD172F24DA8B003E5D04 /* moviehub */,
			);
			name = moviehub;
			packageProductDependencies = (
				927412192F24FA4F0027B3DE /* Domain */,
				925AFD1A2F266279001FD1FE /* Data */,
				925AFD1C2F266279001FD1FE /* Auth */,
				925AFD1E2F266279001FD1FE /* FavoriteList */,
				925AFD202F266279001FD1FE /* MovieDetails */,
				925AFD222F266279001FD1FE /* MovieList */,
				925AFD242F266279001FD1FE /* Profile */,
				925AFD262F266279001FD1FE /* Router */,
			);
			productName = moviehub;
			productReference = 925AFD2A2F2677E6001FD1FE /* moviehub.app */;
			productType = "com.apple.product-type.application";
		};
/* End PBXNativeTarget section */

/* Begin PBXProject section */
		9277BD0D2F24DA8B003E5D04 /* Project object */ = {
			isa = PBXProject;
			attributes = {
				BuildIndependentTargetsInParallel = 1;
				LastSwiftUpdateCheck = 2610;
				LastUpgradeCheck = 2610;
				TargetAttributes = {
					9277BD142F24DA8B003E5D04 = {
						CreatedOnToolsVersion = 26.1.1;
					};
				};
			};
			buildConfigurationList = 9277BD102F24DA8B003E5D04 /* Build configuration list for PBXProject "moviehub" */;
			developmentRegion = en;
			hasScannedForEncodings = 0;
			knownRegions = (
				en,
				Base,
			);
			mainGroup = 9277BD0C2F24DA8B003E5D04;
			minimizedProjectReferenceProxies = 1;
			packageReferences = (
				927412182F24FA4F0027B3DE /* XCLocalSwiftPackageReference "Packages/Domain" */,
			);
			preferredProjectObjectVersion = 77;
			productRefGroup = 9277BD0C2F24DA8B003E5D04;
			projectDirPath = "";
			projectRoot = "";
			targets = (
				9277BD142F24DA8B003E5D04 /* moviehub */,
			);
		};
/* End PBXProject section */

/* Begin PBXResourcesBuildPhase section */
		9277BD132F24DA8B003E5D04 /* Resources */ = {
			isa = PBXResourcesBuildPhase;
			buildActionMask = 2147483647;
			files = (
			);
			runOnlyForDeploymentPostprocessing = 0;
		};
/* End PBXResourcesBuildPhase section */

/* Begin PBXSourcesBuildPhase section */
		9277BD112F24DA8B003E5D04 /* Sources */ = {
			isa = PBXSourcesBuildPhase;
			buildActionMask = 2147483647;
			files = (
			);
			runOnlyForDeploymentPostprocessing = 0;
		};
/* End PBXSourcesBuildPhase section */

/* Begin XCBuildConfiguration section */
		9277BD1E2F24DA8C003E5D04 /* Debug */ = {
			isa = XCBuildConfiguration;
			buildSettings = {
				ALWAYS_SEARCH_USER_PATHS = NO;
				ASSETCATALOG_COMPILER_GENERATE_SWIFT_ASSET_SYMBOL_EXTENSIONS = YES;
				CLANG_ANALYZER_NONNULL = YES;
				CLANG_ANALYZER_NUMBER_OBJECT_CONVERSION = YES_AGGRESSIVE;
				CLANG_CXX_LANGUAGE_STANDARD = "gnu++20";
				CLANG_ENABLE_MODULES = YES;
				CLANG_ENABLE_OBJC_ARC = YES;
				CLANG_ENABLE_OBJC_WEAK = YES;
				CLANG_WARN_BLOCK_CAPTURE_AUTORELEASING = YES;
				CLANG_WARN_BOOL_CONVERSION = YES;
				CLANG_WARN_COMMA = YES;
				CLANG_WARN_CONSTANT_CONVERSION = YES;
				CLANG_WARN_DEPRECATED_OBJC_IMPLEMENTATIONS = YES;
				CLANG_WARN_DIRECT_OBJC_ISA_USAGE = YES_ERROR;
				CLANG_WARN_DOCUMENTATION_COMMENTS = YES;
				CLANG_WARN_EMPTY_BODY = YES;
				CLANG_WARN_ENUM_CONVERSION = YES;
				CLANG_WARN_INFINITE_RECURSION = YES;
				CLANG_WARN_INT_CONVERSION = YES;
				CLANG_WARN_NON_LITERAL_NULL_CONVERSION = YES;
				CLANG_WARN_OBJC_IMPLICIT_RETAIN_SELF = YES;
				CLANG_WARN_OBJC_LITERAL_CONVERSION = YES;
				CLANG_WARN_OBJC_ROOT_CLASS = YES_ERROR;
				CLANG_WARN_QUOTED_INCLUDE_IN_FRAMEWORK_HEADER = YES;
				CLANG_WARN_RANGE_LOOP_ANALYSIS = YES;
				CLANG_WARN_STRICT_PROTOTYPES = YES;
				CLANG_WARN_SUSPICIOUS_MOVE = YES;
				CLANG_WARN_UNGUARDED_AVAILABILITY = YES_AGGRESSIVE;
				CLANG_WARN_UNREACHABLE_CODE = YES;
				CLANG_WARN__DUPLICATE_METHOD_MATCH = YES;
				COPY_PHASE_STRIP = NO;
				DEBUG_INFORMATION_FORMAT = dwarf;
				ENABLE_STRICT_OBJC_MSGSEND = YES;
				ENABLE_TESTABILITY = YES;
				ENABLE_USER_SCRIPT_SANDBOXING = YES;
				GCC_C_LANGUAGE_STANDARD = gnu17;
				GCC_DYNAMIC_NO_PIC = NO;
				GCC_NO_COMMON_BLOCKS = YES;
				GCC_OPTIMIZATION_LEVEL = 0;
				GCC_PREPROCESSOR_DEFINITIONS = (
					"DEBUG=1",
					"$(inherited)",
				);
				GCC_WARN_64_TO_32_BIT_CONVERSION = YES;
				GCC_WARN_ABOUT_RETURN_TYPE = YES_ERROR;
				GCC_WARN_UNDECLARED_SELECTOR = YES;
				GCC_WARN_UNINITIALIZED_AUTOS = YES_AGGRESSIVE;
				GCC_WARN_UNUSED_FUNCTION = YES;
				GCC_WARN_UNUSED_VARIABLE = YES;
				LOCALIZATION_PREFERS_STRING_CATALOGS = YES;
				MTL_ENABLE_DEBUG_INFO = INCLUDE_SOURCE;
				MTL_FAST_MATH = YES;
				ONLY_ACTIVE_ARCH = YES;
				SWIFT_ACTIVE_COMPILATION_CONDITIONS = "DEBUG $(inherited)";
				SWIFT_OPTIMIZATION_LEVEL = "-Onone";
			};
			name = Debug;
		};
		9277BD1F2F24DA8C003E5D04 /* Release */ = {
			isa = XCBuildConfiguration;
			buildSettings = {
				ALWAYS_SEARCH_USER_PATHS = NO;
				ASSETCATALOG_COMPILER_GENERATE_SWIFT_ASSET_SYMBOL_EXTENSIONS = YES;
				CLANG_ANALYZER_NONNULL = YES;
				CLANG_ANALYZER_NUMBER_OBJECT_CONVERSION = YES_AGGRESSIVE;
				CLANG_CXX_LANGUAGE_STANDARD = "gnu++20";
				CLANG_ENABLE_MODULES = YES;
				CLANG_ENABLE_OBJC_ARC = YES;
				CLANG_ENABLE_OBJC_WEAK = YES;
				CLANG_WARN_BLOCK_CAPTURE_AUTORELEASING = YES;
				CLANG_WARN_BOOL_CONVERSION = YES;
				CLANG_WARN_COMMA = YES;
				CLANG_WARN_CONSTANT_CONVERSION = YES;
				CLANG_WARN_DEPRECATED_OBJC_IMPLEMENTATIONS = YES;
				CLANG_WARN_DIRECT_OBJC_ISA_USAGE = YES_ERROR;
				CLANG_WARN_DOCUMENTATION_COMMENTS = YES;
				CLANG_WARN_EMPTY_BODY = YES;
				CLANG_WARN_ENUM_CONVERSION = YES;
				CLANG_WARN_INFINITE_RECURSION = YES;
				CLANG_WARN_INT_CONVERSION = YES;
				CLANG_WARN_NON_LITERAL_NULL_CONVERSION = YES;
				CLANG_WARN_OBJC_IMPLICIT_RETAIN_SELF = YES;
				CLANG_WARN_OBJC_LITERAL_CONVERSION = YES;
				CLANG_WARN_OBJC_ROOT_CLASS = YES_ERROR;
				CLANG_WARN_QUOTED_INCLUDE_IN_FRAMEWORK_HEADER = YES;
				CLANG_WARN_RANGE_LOOP_ANALYSIS = YES;
				CLANG_WARN_STRICT_PROTOTYPES = YES;
				CLANG_WARN_SUSPICIOUS_MOVE = YES;
				CLANG_WARN_UNGUARDED_AVAILABILITY = YES_AGGRESSIVE;
				CLANG_WARN_UNREACHABLE_CODE = YES;
				CLANG_WARN__DUPLICATE_METHOD_MATCH = YES;
				COPY_PHASE_STRIP = NO;
				DEBUG_INFORMATION_FORMAT = "dwarf-with-dsym";
				ENABLE_NS_ASSERTIONS = NO;
				ENABLE_STRICT_OBJC_MSGSEND = YES;
				ENABLE_USER_SCRIPT_SANDBOXING = YES;
				GCC_C_LANGUAGE_STANDARD = gnu17;
				GCC_NO_COMMON_BLOCKS = YES;
				GCC_WARN_64_TO_32_BIT_CONVERSION = YES;
				GCC_WARN_ABOUT_RETURN_TYPE = YES_ERROR;
				GCC_WARN_UNDECLARED_SELECTOR = YES;
				GCC_WARN_UNINITIALIZED_AUTOS = YES_AGGRESSIVE;
				GCC_WARN_UNUSED_FUNCTION = YES;
				GCC_WARN_UNUSED_VARIABLE = YES;
				LOCALIZATION_PREFERS_STRING_CATALOGS = YES;
				MTL_ENABLE_DEBUG_INFO = NO;
				MTL_FAST_MATH = YES;
				SWIFT_COMPILATION_MODE = wholemodule;
			};
			name = Release;
		};
		9277BD212F24DA8C003E5D04 /* Debug */ = {
			isa = XCBuildConfiguration;
			baseConfigurationReference = 925AFD3E2F267B97001FD1FE /* Secrets.xcconfig */;
			buildSettings = {
				ASSETCATALOG_COMPILER_APPICON_NAME = AppIcon;
				ASSETCATALOG_COMPILER_GLOBAL_ACCENT_COLOR_NAME = AccentColor;
				CODE_SIGN_STYLE = Automatic;
				CURRENT_PROJECT_VERSION = 1;
				DEVELOPMENT_TEAM = 825N53LAZA;
				ENABLE_APP_SANDBOX = YES;
				ENABLE_PREVIEWS = YES;
				ENABLE_USER_SELECTED_FILES = readonly;
				GENERATE_INFOPLIST_FILE = YES;
				INFOPLIST_FILE = moviehub/Info.plist;
				INFOPLIST_KEY_TMDB_READ_TOKEN = "$(TMDB_READ_TOKEN)";
				"INFOPLIST_KEY_UIApplicationSceneManifest_Generation[sdk=iphoneos*]" = YES;
				"INFOPLIST_KEY_UIApplicationSceneManifest_Generation[sdk=iphonesimulator*]" = YES;
				"INFOPLIST_KEY_UIApplicationSupportsIndirectInputEvents[sdk=iphoneos*]" = YES;
				"INFOPLIST_KEY_UIApplicationSupportsIndirectInputEvents[sdk=iphonesimulator*]" = YES;
				"INFOPLIST_KEY_UILaunchScreen_Generation[sdk=iphoneos*]" = YES;
				"INFOPLIST_KEY_UILaunchScreen_Generation[sdk=iphonesimulator*]" = YES;
				"INFOPLIST_KEY_UIStatusBarStyle[sdk=iphoneos*]" = UIStatusBarStyleDefault;
				"INFOPLIST_KEY_UIStatusBarStyle[sdk=iphonesimulator*]" = UIStatusBarStyleDefault;
				INFOPLIST_KEY_UISupportedInterfaceOrientations_iPad = "UIInterfaceOrientationPortrait UIInterfaceOrientationPortraitUpsideDown UIInterfaceOrientationLandscapeLeft UIInterfaceOrientationLandscapeRight";
				INFOPLIST_KEY_UISupportedInterfaceOrientations_iPhone = "UIInterfaceOrientationPortrait UIInterfaceOrientationLandscapeLeft UIInterfaceOrientationLandscapeRight";
				IPHONEOS_DEPLOYMENT_TARGET = 26.1;
				LD_RUNPATH_SEARCH_PATHS = "@executable_path/Frameworks";
				"LD_RUNPATH_SEARCH_PATHS[sdk=macosx*]" = "@executable_path/../Frameworks";
				MACOSX_DEPLOYMENT_TARGET = 26.1;
				MARKETING_VERSION = 1.0;
				PRODUCT_BUNDLE_IDENTIFIER = glebust.moviehub;
				PRODUCT_NAME = "$(TARGET_NAME)";
				REGISTER_APP_GROUPS = YES;
				SDKROOT = auto;
				STRING_CATALOG_GENERATE_SYMBOLS = YES;
				SUPPORTED_PLATFORMS = "iphoneos iphonesimulator macosx xros xrsimulator";
				SWIFT_APPROACHABLE_CONCURRENCY = YES;
				SWIFT_DEFAULT_ACTOR_ISOLATION = MainActor;
				SWIFT_EMIT_LOC_STRINGS = YES;
				SWIFT_UPCOMING_FEATURE_MEMBER_IMPORT_VISIBILITY = YES;
				SWIFT_VERSION = 5.0;
				TARGETED_DEVICE_FAMILY = "1,2,7";
				XROS_DEPLOYMENT_TARGET = 26.1;
			};
			name = Debug;
		};
		9277BD222F24DA8C003E5D04 /* Release */ = {
			isa = XCBuildConfiguration;
			baseConfigurationReference = 925AFD3E2F267B97001FD1FE /* Secrets.xcconfig */;
			buildSettings = {
				ASSETCATALOG_COMPILER_APPICON_NAME = AppIcon;
				ASSETCATALOG_COMPILER_GLOBAL_ACCENT_COLOR_NAME = AccentColor;
				CODE_SIGN_STYLE = Automatic;
				CURRENT_PROJECT_VERSION = 1;
				DEVELOPMENT_TEAM = 825N53LAZA;
				ENABLE_APP_SANDBOX = YES;
				ENABLE_PREVIEWS = YES;
				ENABLE_USER_SELECTED_FILES = readonly;
				GENERATE_INFOPLIST_FILE = YES;
				INFOPLIST_FILE = moviehub/Info.plist;
				INFOPLIST_KEY_TMDB_READ_TOKEN = "$(TMDB_READ_TOKEN)";
				"INFOPLIST_KEY_UIApplicationSceneManifest_Generation[sdk=iphoneos*]" = YES;
				"INFOPLIST_KEY_UIApplicationSceneManifest_Generation[sdk=iphonesimulator*]" = YES;
				"INFOPLIST_KEY_UIApplicationSupportsIndirectInputEvents[sdk=iphoneos*]" = YES;
				"INFOPLIST_KEY_UIApplicationSupportsIndirectInputEvents[sdk=iphonesimulator*]" = YES;
				"INFOPLIST_KEY_UILaunchScreen_Generation[sdk=iphoneos*]" = YES;
				"INFOPLIST_KEY_UILaunchScreen_Generation[sdk=iphonesimulator*]" = YES;
				"INFOPLIST_KEY_UIStatusBarStyle[sdk=iphoneos*]" = UIStatusBarStyleDefault;
				"INFOPLIST_KEY_UIStatusBarStyle[sdk=iphonesimulator*]" = UIStatusBarStyleDefault;
				INFOPLIST_KEY_UISupportedInterfaceOrientations_iPad = "UIInterfaceOrientationPortrait UIInterfaceOrientationPortraitUpsideDown UIInterfaceOrientationLandscapeLeft UIInterfaceOrientationLandscapeRight";
				INFOPLIST_KEY_UISupportedInterfaceOrientations_iPhone = "UIInterfaceOrientationPortrait UIInterfaceOrientationLandscapeLeft UIInterfaceOrientationLandscapeRight";
				IPHONEOS_DEPLOYMENT_TARGET = 26.1;
				LD_RUNPATH_SEARCH_PATHS = "@executable_path/Frameworks";
				"LD_RUNPATH_SEARCH_PATHS[sdk=macosx*]" = "@executable_path/../Frameworks";
				MACOSX_DEPLOYMENT_TARGET = 26.1;
				MARKETING_VERSION = 1.0;
				PRODUCT_BUNDLE_IDENTIFIER = glebust.moviehub;
				PRODUCT_NAME = "$(TARGET_NAME)";
				REGISTER_APP_GROUPS = YES;
				SDKROOT = auto;
				STRING_CATALOG_GENERATE_SYMBOLS = YES;
				SUPPORTED_PLATFORMS = "iphoneos iphonesimulator macosx xros xrsimulator";
				SWIFT_APPROACHABLE_CONCURRENCY = YES;
				SWIFT_DEFAULT_ACTOR_ISOLATION = MainActor;
				SWIFT_EMIT_LOC_STRINGS = YES;
				SWIFT_UPCOMING_FEATURE_MEMBER_IMPORT_VISIBILITY = YES;
				SWIFT_VERSION = 5.0;
				TARGETED_DEVICE_FAMILY = "1,2,7";
				XROS_DEPLOYMENT_TARGET = 26.1;
			};
			name = Release;
		};
/* End XCBuildConfiguration section */

/* Begin XCConfigurationList section */
		9277BD102F24DA8B003E5D04 /* Build configuration list for PBXProject "moviehub" */ = {
			isa = XCConfigurationList;
			buildConfigurations = (
				9277BD1E2F24DA8C003E5D04 /* Debug */,
				9277BD1F2F24DA8C003E5D04 /* Release */,
			);
			defaultConfigurationIsVisible = 0;
			defaultConfigurationName = Release;
		};
		9277BD202F24DA8C003E5D04 /* Build configuration list for PBXNativeTarget "moviehub" */ = {
			isa = XCConfigurationList;
			buildConfigurations = (
				9277BD212F24DA8C003E5D04 /* Debug */,
				9277BD222F24DA8C003E5D04 /* Release */,
			);
			defaultConfigurationIsVisible = 0;
			defaultConfigurationName = Release;
		};
/* End XCConfigurationList section */

/* Begin XCLocalSwiftPackageReference section */
		927412182F24FA4F0027B3DE /* XCLocalSwiftPackageReference "Packages/Domain" */ = {
			isa = XCLocalSwiftPackageReference;
			relativePath = Packages/Domain;
		};
/* End XCLocalSwiftPackageReference section */

/* Begin XCSwiftPackageProductDependency section */
		925AFD1A2F266279001FD1FE /* Data */ = {
			isa = XCSwiftPackageProductDependency;
			productName = Data;
		};
		925AFD1C2F266279001FD1FE /* Auth */ = {
			isa = XCSwiftPackageProductDependency;
			productName = Auth;
		};
		925AFD1E2F266279001FD1FE /* FavoriteList */ = {
			isa = XCSwiftPackageProductDependency;
			productName = FavoriteList;
		};
		925AFD202F266279001FD1FE /* MovieDetails */ = {
			isa = XCSwiftPackageProductDependency;
			productName = MovieDetails;
		};
		925AFD222F266279001FD1FE /* MovieList */ = {
			isa = XCSwiftPackageProductDependency;
			productName = MovieList;
		};
		925AFD242F266279001FD1FE /* Profile */ = {
			isa = XCSwiftPackageProductDependency;
			productName = Profile;
		};
		925AFD262F266279001FD1FE /* Router */ = {
			isa = XCSwiftPackageProductDependency;
			productName = Router;
		};
		927412192F24FA4F0027B3DE /* Domain */ = {
			isa = XCSwiftPackageProductDependency;
			productName = Domain;
		};
/* End XCSwiftPackageProductDependency section */
	};
	rootObject = 9277BD0D2F24DA8B003E5D04 /* Project object */;
}
